// !$*UTF8*$!
{
	archiveVersion = 1;
	classes = {
	};
	objectVersion = 46;
	objects = {

/* Begin PBXBuildFile section */
		2AB7AD071D53723400A5F64A /* VersionKit.h in Headers */ = {isa = PBXBuildFile; fileRef = 2ADD21E51C56642E00252DB5 /* VersionKit.h */; settings = {ATTRIBUTES = (Public, ); }; };
		2AB7AD081D53723400A5F64A /* Version.swift in Sources */ = {isa = PBXBuildFile; fileRef = 2ADD21A31C565D2500252DB5 /* Version.swift */; };
		2ADD21E61C56642E00252DB5 /* VersionKit.h in Headers */ = {isa = PBXBuildFile; fileRef = 2ADD21E51C56642E00252DB5 /* VersionKit.h */; settings = {ATTRIBUTES = (Public, ); }; };
		2ADD21ED1C56642E00252DB5 /* VersionKit.framework in Frameworks */ = {isa = PBXBuildFile; fileRef = 2ADD21E31C56642D00252DB5 /* VersionKit.framework */; };
		2ADD21F21C56642E00252DB5 /* VersionKitTests.swift in Sources */ = {isa = PBXBuildFile; fileRef = 2ADD21F11C56642E00252DB5 /* VersionKitTests.swift */; };
		2ADD21FA1C56643900252DB5 /* Version.swift in Sources */ = {isa = PBXBuildFile; fileRef = 2ADD21A31C565D2500252DB5 /* Version.swift */; };
/* End PBXBuildFile section */

/* Begin PBXContainerItemProxy section */
		2ADD21EE1C56642E00252DB5 /* PBXContainerItemProxy */ = {
			isa = PBXContainerItemProxy;
			containerPortal = 2ADD21721C565C7500252DB5 /* Project object */;
			proxyType = 1;
			remoteGlobalIDString = 2ADD21E21C56642D00252DB5;
			remoteInfo = VersionKit;
		};
/* End PBXContainerItemProxy section */

/* Begin PBXFileReference section */
		2AB7ACFF1D53721A00A5F64A /* VersionKit.framework */ = {isa = PBXFileReference; explicitFileType = wrapper.framework; includeInIndex = 0; path = VersionKit.framework; sourceTree = BUILT_PRODUCTS_DIR; };
		2AB7AD091D53726F00A5F64A /* Info-iOS.plist */ = {isa = PBXFileReference; lastKnownFileType = text.plist.xml; path = "Info-iOS.plist"; sourceTree = "<group>"; };
		2AB7AD0A1D53726F00A5F64A /* Info-macOS.plist */ = {isa = PBXFileReference; lastKnownFileType = text.plist.xml; path = "Info-macOS.plist"; sourceTree = "<group>"; };
		2ADD21A31C565D2500252DB5 /* Version.swift */ = {isa = PBXFileReference; fileEncoding = 4; lastKnownFileType = sourcecode.swift; path = Version.swift; sourceTree = "<group>"; };
		2ADD21E31C56642D00252DB5 /* VersionKit.framework */ = {isa = PBXFileReference; explicitFileType = wrapper.framework; includeInIndex = 0; path = VersionKit.framework; sourceTree = BUILT_PRODUCTS_DIR; };
		2ADD21E51C56642E00252DB5 /* VersionKit.h */ = {isa = PBXFileReference; lastKnownFileType = sourcecode.c.h; path = VersionKit.h; sourceTree = "<group>"; };
		2ADD21EC1C56642E00252DB5 /* VersionKitTests.xctest */ = {isa = PBXFileReference; explicitFileType = wrapper.cfbundle; includeInIndex = 0; path = VersionKitTests.xctest; sourceTree = BUILT_PRODUCTS_DIR; };
		2ADD21F11C56642E00252DB5 /* VersionKitTests.swift */ = {isa = PBXFileReference; lastKnownFileType = sourcecode.swift; path = VersionKitTests.swift; sourceTree = "<group>"; };
		2ADD21F31C56642E00252DB5 /* Info.plist */ = {isa = PBXFileReference; lastKnownFileType = text.plist.xml; path = Info.plist; sourceTree = "<group>"; };
/* End PBXFileReference section */

/* Begin PBXFrameworksBuildPhase section */
		2AB7ACFB1D53721A00A5F64A /* Frameworks */ = {
			isa = PBXFrameworksBuildPhase;
			buildActionMask = 2147483647;
			files = (
			);
			runOnlyForDeploymentPostprocessing = 0;
		};
		2ADD21DF1C56642D00252DB5 /* Frameworks */ = {
			isa = PBXFrameworksBuildPhase;
			buildActionMask = 2147483647;
			files = (
			);
			runOnlyForDeploymentPostprocessing = 0;
		};
		2ADD21E91C56642E00252DB5 /* Frameworks */ = {
			isa = PBXFrameworksBuildPhase;
			buildActionMask = 2147483647;
			files = (
				2ADD21ED1C56642E00252DB5 /* VersionKit.framework in Frameworks */,
			);
			runOnlyForDeploymentPostprocessing = 0;
		};
/* End PBXFrameworksBuildPhase section */

/* Begin PBXGroup section */
		2ADD21711C565C7500252DB5 = {
			isa = PBXGroup;
			children = (
				2ADD21E41C56642E00252DB5 /* VersionKit */,
				2ADD21F01C56642E00252DB5 /* VersionKitTests */,
				2ADD217C1C565C7500252DB5 /* Products */,
			);
			sourceTree = "<group>";
		};
		2ADD217C1C565C7500252DB5 /* Products */ = {
			isa = PBXGroup;
			children = (
				2ADD21E31C56642D00252DB5 /* VersionKit.framework */,
				2ADD21EC1C56642E00252DB5 /* VersionKitTests.xctest */,
				2AB7ACFF1D53721A00A5F64A /* VersionKit.framework */,
			);
			name = Products;
			sourceTree = "<group>";
		};
		2ADD21E41C56642E00252DB5 /* VersionKit */ = {
			isa = PBXGroup;
			children = (
				2ADD21E51C56642E00252DB5 /* VersionKit.h */,
				2ADD21A31C565D2500252DB5 /* Version.swift */,
				2AB7AD091D53726F00A5F64A /* Info-iOS.plist */,
				2AB7AD0A1D53726F00A5F64A /* Info-macOS.plist */,
			);
			path = VersionKit;
			sourceTree = "<group>";
		};
		2ADD21F01C56642E00252DB5 /* VersionKitTests */ = {
			isa = PBXGroup;
			children = (
				2ADD21F11C56642E00252DB5 /* VersionKitTests.swift */,
				2ADD21F31C56642E00252DB5 /* Info.plist */,
			);
			path = VersionKitTests;
			sourceTree = "<group>";
		};
/* End PBXGroup section */

/* Begin PBXHeadersBuildPhase section */
		2AB7ACFC1D53721A00A5F64A /* Headers */ = {
			isa = PBXHeadersBuildPhase;
			buildActionMask = 2147483647;
			files = (
				2AB7AD071D53723400A5F64A /* VersionKit.h in Headers */,
			);
			runOnlyForDeploymentPostprocessing = 0;
		};
		2ADD21E01C56642D00252DB5 /* Headers */ = {
			isa = PBXHeadersBuildPhase;
			buildActionMask = 2147483647;
			files = (
				2ADD21E61C56642E00252DB5 /* VersionKit.h in Headers */,
			);
			runOnlyForDeploymentPostprocessing = 0;
		};
/* End PBXHeadersBuildPhase section */

/* Begin PBXNativeTarget section */
		2AB7ACFE1D53721A00A5F64A /* VersionKit macOS */ = {
			isa = PBXNativeTarget;
			buildConfigurationList = 2AB7AD041D53721A00A5F64A /* Build configuration list for PBXNativeTarget "VersionKit macOS" */;
			buildPhases = (
				2AB7ACFA1D53721A00A5F64A /* Sources */,
				2AB7ACFB1D53721A00A5F64A /* Frameworks */,
				2AB7ACFC1D53721A00A5F64A /* Headers */,
				2AB7ACFD1D53721A00A5F64A /* Resources */,
			);
			buildRules = (
			);
			dependencies = (
			);
			name = "VersionKit macOS";
			productName = "VersionKit macOS";
			productReference = 2AB7ACFF1D53721A00A5F64A /* VersionKit.framework */;
			productType = "com.apple.product-type.framework";
		};
		2ADD21E21C56642D00252DB5 /* VersionKit iOS */ = {
			isa = PBXNativeTarget;
			buildConfigurationList = 2ADD21F41C56642E00252DB5 /* Build configuration list for PBXNativeTarget "VersionKit iOS" */;
			buildPhases = (
				2ADD21DE1C56642D00252DB5 /* Sources */,
				2ADD21DF1C56642D00252DB5 /* Frameworks */,
				2ADD21E01C56642D00252DB5 /* Headers */,
				2ADD21E11C56642D00252DB5 /* Resources */,
			);
			buildRules = (
			);
			dependencies = (
			);
			name = "VersionKit iOS";
			productName = VersionKit;
			productReference = 2ADD21E31C56642D00252DB5 /* VersionKit.framework */;
			productType = "com.apple.product-type.framework";
		};
		2ADD21EB1C56642E00252DB5 /* VersionKitTests */ = {
			isa = PBXNativeTarget;
			buildConfigurationList = 2ADD21F71C56642E00252DB5 /* Build configuration list for PBXNativeTarget "VersionKitTests" */;
			buildPhases = (
				2ADD21E81C56642E00252DB5 /* Sources */,
				2ADD21E91C56642E00252DB5 /* Frameworks */,
				2ADD21EA1C56642E00252DB5 /* Resources */,
			);
			buildRules = (
			);
			dependencies = (
				2ADD21EF1C56642E00252DB5 /* PBXTargetDependency */,
			);
			name = VersionKitTests;
			productName = VersionKitTests;
			productReference = 2ADD21EC1C56642E00252DB5 /* VersionKitTests.xctest */;
			productType = "com.apple.product-type.bundle.unit-test";
		};
/* End PBXNativeTarget section */

/* Begin PBXProject section */
		2ADD21721C565C7500252DB5 /* Project object */ = {
			isa = PBXProject;
			attributes = {
				LastSwiftUpdateCheck = 0720;
				LastUpgradeCheck = 0830;
				ORGANIZATIONNAME = "Richard Stelling";
				TargetAttributes = {
					2AB7ACFE1D53721A00A5F64A = {
						CreatedOnToolsVersion = 7.3.1;
					};
					2ADD21E21C56642D00252DB5 = {
						CreatedOnToolsVersion = 7.2;
						LastSwiftMigration = 0830;
					};
					2ADD21EB1C56642E00252DB5 = {
						CreatedOnToolsVersion = 7.2;
						LastSwiftMigration = 0830;
					};
				};
			};
			buildConfigurationList = 2ADD21751C565C7500252DB5 /* Build configuration list for PBXProject "VersionKit" */;
			compatibilityVersion = "Xcode 3.2";
			developmentRegion = English;
			hasScannedForEncodings = 0;
			knownRegions = (
				en,
			);
			mainGroup = 2ADD21711C565C7500252DB5;
			productRefGroup = 2ADD217C1C565C7500252DB5 /* Products */;
			projectDirPath = "";
			projectRoot = "";
			targets = (
				2ADD21E21C56642D00252DB5 /* VersionKit iOS */,
				2AB7ACFE1D53721A00A5F64A /* VersionKit macOS */,
				2ADD21EB1C56642E00252DB5 /* VersionKitTests */,
			);
		};
/* End PBXProject section */

/* Begin PBXResourcesBuildPhase section */
		2AB7ACFD1D53721A00A5F64A /* Resources */ = {
			isa = PBXResourcesBuildPhase;
			buildActionMask = 2147483647;
			files = (
			);
			runOnlyForDeploymentPostprocessing = 0;
		};
		2ADD21E11C56642D00252DB5 /* Resources */ = {
			isa = PBXResourcesBuildPhase;
			buildActionMask = 2147483647;
			files = (
			);
			runOnlyForDeploymentPostprocessing = 0;
		};
		2ADD21EA1C56642E00252DB5 /* Resources */ = {
			isa = PBXResourcesBuildPhase;
			buildActionMask = 2147483647;
			files = (
			);
			runOnlyForDeploymentPostprocessing = 0;
		};
/* End PBXResourcesBuildPhase section */

/* Begin PBXSourcesBuildPhase section */
		2AB7ACFA1D53721A00A5F64A /* Sources */ = {
			isa = PBXSourcesBuildPhase;
			buildActionMask = 2147483647;
			files = (
				2AB7AD081D53723400A5F64A /* Version.swift in Sources */,
			);
			runOnlyForDeploymentPostprocessing = 0;
		};
		2ADD21DE1C56642D00252DB5 /* Sources */ = {
			isa = PBXSourcesBuildPhase;
			buildActionMask = 2147483647;
			files = (
				2ADD21FA1C56643900252DB5 /* Version.swift in Sources */,
			);
			runOnlyForDeploymentPostprocessing = 0;
		};
		2ADD21E81C56642E00252DB5 /* Sources */ = {
			isa = PBXSourcesBuildPhase;
			buildActionMask = 2147483647;
			files = (
				2ADD21F21C56642E00252DB5 /* VersionKitTests.swift in Sources */,
			);
			runOnlyForDeploymentPostprocessing = 0;
		};
/* End PBXSourcesBuildPhase section */

/* Begin PBXTargetDependency section */
		2ADD21EF1C56642E00252DB5 /* PBXTargetDependency */ = {
			isa = PBXTargetDependency;
			target = 2ADD21E21C56642D00252DB5 /* VersionKit iOS */;
			targetProxy = 2ADD21EE1C56642E00252DB5 /* PBXContainerItemProxy */;
		};
/* End PBXTargetDependency section */

/* Begin XCBuildConfiguration section */
		2AB7AD051D53721A00A5F64A /* Debug */ = {
			isa = XCBuildConfiguration;
			buildSettings = {
				CLANG_ANALYZER_NONNULL = YES;
				CODE_SIGN_IDENTITY = "-";
				COMBINE_HIDPI_IMAGES = YES;
				DEFINES_MODULE = YES;
				DYLIB_COMPATIBILITY_VERSION = 1;
				DYLIB_CURRENT_VERSION = 1;
				DYLIB_INSTALL_NAME_BASE = "@rpath";
				FRAMEWORK_VERSION = A;
				INFOPLIST_FILE = "VersionKit/Info-macOS.plist";
				INSTALL_PATH = "$(LOCAL_LIBRARY_DIR)/Frameworks";
				LD_RUNPATH_SEARCH_PATHS = "$(inherited) @executable_path/../Frameworks @loader_path/Frameworks";
				MACOSX_DEPLOYMENT_TARGET = 10.11;
				PRODUCT_BUNDLE_IDENTIFIER = "com.empiricalmagic.VersionKit-macOS";
				SDKROOT = macosx;
				SKIP_INSTALL = YES;
			};
			name = Debug;
		};
		2AB7AD061D53721A00A5F64A /* Release */ = {
			isa = XCBuildConfiguration;
			buildSettings = {
				CLANG_ANALYZER_NONNULL = YES;
				CODE_SIGN_IDENTITY = "-";
				COMBINE_HIDPI_IMAGES = YES;
				DEFINES_MODULE = YES;
				DYLIB_COMPATIBILITY_VERSION = 1;
				DYLIB_CURRENT_VERSION = 1;
				DYLIB_INSTALL_NAME_BASE = "@rpath";
				FRAMEWORK_VERSION = A;
				INFOPLIST_FILE = "VersionKit/Info-macOS.plist";
				INSTALL_PATH = "$(LOCAL_LIBRARY_DIR)/Frameworks";
				LD_RUNPATH_SEARCH_PATHS = "$(inherited) @executable_path/../Frameworks @loader_path/Frameworks";
				MACOSX_DEPLOYMENT_TARGET = 10.11;
				PRODUCT_BUNDLE_IDENTIFIER = "com.empiricalmagic.VersionKit-macOS";
				SDKROOT = macosx;
				SKIP_INSTALL = YES;
			};
			name = Release;
		};
		2ADD218D1C565C7500252DB5 /* Debug */ = {
			isa = XCBuildConfiguration;
			buildSettings = {
				ALWAYS_SEARCH_USER_PATHS = NO;
				CLANG_CXX_LANGUAGE_STANDARD = "gnu++0x";
				CLANG_CXX_LIBRARY = "libc++";
				CLANG_ENABLE_MODULES = YES;
				CLANG_ENABLE_OBJC_ARC = YES;
				CLANG_WARN_BOOL_CONVERSION = YES;
				CLANG_WARN_CONSTANT_CONVERSION = YES;
				CLANG_WARN_DIRECT_OBJC_ISA_USAGE = YES_ERROR;
				CLANG_WARN_EMPTY_BODY = YES;
				CLANG_WARN_ENUM_CONVERSION = YES;
				CLANG_WARN_INFINITE_RECURSION = YES;
				CLANG_WARN_INT_CONVERSION = YES;
				CLANG_WARN_OBJC_ROOT_CLASS = YES_ERROR;
				CLANG_WARN_SUSPICIOUS_MOVE = YES;
				CLANG_WARN_UNREACHABLE_CODE = YES;
				CLANG_WARN__DUPLICATE_METHOD_MATCH = YES;
				CODE_SIGN_IDENTITY = "iPhone Developer";
				COPY_PHASE_STRIP = NO;
				CURRENT_PROJECT_VERSION = 1;
				DEBUG_INFORMATION_FORMAT = dwarf;
				ENABLE_STRICT_OBJC_MSGSEND = YES;
				ENABLE_TESTABILITY = YES;
				GCC_C_LANGUAGE_STANDARD = gnu99;
				GCC_DYNAMIC_NO_PIC = NO;
				GCC_NO_COMMON_BLOCKS = YES;
				GCC_OPTIMIZATION_LEVEL = 0;
				GCC_PREPROCESSOR_DEFINITIONS = (
					"DEBUG=1",
					"$(inherited)",
				);
				GCC_WARN_64_TO_32_BIT_CONVERSION = YES;
				GCC_WARN_ABOUT_RETURN_TYPE = YES_ERROR;
				GCC_WARN_UNDECLARED_SELECTOR = YES;
				GCC_WARN_UNINITIALIZED_AUTOS = YES_AGGRESSIVE;
				GCC_WARN_UNUSED_FUNCTION = YES;
				GCC_WARN_UNUSED_VARIABLE = YES;
				IPHONEOS_DEPLOYMENT_TARGET = 9.2;
				MTL_ENABLE_DEBUG_INFO = YES;
				ONLY_ACTIVE_ARCH = YES;
				PRODUCT_NAME = VersionKit;
				SDKROOT = iphoneos;
				SWIFT_OPTIMIZATION_LEVEL = "-Onone";
				TARGETED_DEVICE_FAMILY = "1,2";
				VERSIONING_SYSTEM = "apple-generic";
				VERSION_INFO_PREFIX = "";
			};
			name = Debug;
		};
		2ADD218E1C565C7500252DB5 /* Release */ = {
			isa = XCBuildConfiguration;
			buildSettings = {
				ALWAYS_SEARCH_USER_PATHS = NO;
				CLANG_CXX_LANGUAGE_STANDARD = "gnu++0x";
				CLANG_CXX_LIBRARY = "libc++";
				CLANG_ENABLE_MODULES = YES;
				CLANG_ENABLE_OBJC_ARC = YES;
				CLANG_WARN_BOOL_CONVERSION = YES;
				CLANG_WARN_CONSTANT_CONVERSION = YES;
				CLANG_WARN_DIRECT_OBJC_ISA_USAGE = YES_ERROR;
				CLANG_WARN_EMPTY_BODY = YES;
				CLANG_WARN_ENUM_CONVERSION = YES;
				CLANG_WARN_INFINITE_RECURSION = YES;
				CLANG_WARN_INT_CONVERSION = YES;
				CLANG_WARN_OBJC_ROOT_CLASS = YES_ERROR;
				CLANG_WARN_SUSPICIOUS_MOVE = YES;
				CLANG_WARN_UNREACHABLE_CODE = YES;
				CLANG_WARN__DUPLICATE_METHOD_MATCH = YES;
				CODE_SIGN_IDENTITY = "iPhone Distribution";
				COPY_PHASE_STRIP = NO;
				CURRENT_PROJECT_VERSION = 1;
				DEBUG_INFORMATION_FORMAT = "dwarf-with-dsym";
				ENABLE_NS_ASSERTIONS = NO;
				ENABLE_STRICT_OBJC_MSGSEND = YES;
				GCC_C_LANGUAGE_STANDARD = gnu99;
				GCC_NO_COMMON_BLOCKS = YES;
				GCC_WARN_64_TO_32_BIT_CONVERSION = YES;
				GCC_WARN_ABOUT_RETURN_TYPE = YES_ERROR;
				GCC_WARN_UNDECLARED_SELECTOR = YES;
				GCC_WARN_UNINITIALIZED_AUTOS = YES_AGGRESSIVE;
				GCC_WARN_UNUSED_FUNCTION = YES;
				GCC_WARN_UNUSED_VARIABLE = YES;
				IPHONEOS_DEPLOYMENT_TARGET = 9.2;
				MTL_ENABLE_DEBUG_INFO = NO;
				PRODUCT_NAME = VersionKit;
				SDKROOT = iphoneos;
				SWIFT_OPTIMIZATION_LEVEL = "-Owholemodule";
				TARGETED_DEVICE_FAMILY = "1,2";
				VALIDATE_PRODUCT = YES;
				VERSIONING_SYSTEM = "apple-generic";
				VERSION_INFO_PREFIX = "";
			};
			name = Release;
		};
		2ADD21F51C56642E00252DB5 /* Debug */ = {
			isa = XCBuildConfiguration;
			buildSettings = {
				"CODE_SIGN_IDENTITY[sdk=iphoneos*]" = "";
				DEFINES_MODULE = YES;
				DYLIB_COMPATIBILITY_VERSION = 1;
				DYLIB_CURRENT_VERSION = 1;
				DYLIB_INSTALL_NAME_BASE = "@rpath";
				INFOPLIST_FILE = "VersionKit/Info-iOS.plist";
				INSTALL_PATH = "$(LOCAL_LIBRARY_DIR)/Frameworks";
				IPHONEOS_DEPLOYMENT_TARGET = 9.0;
				LD_RUNPATH_SEARCH_PATHS = "$(inherited) @executable_path/Frameworks @loader_path/Frameworks";
				PRODUCT_BUNDLE_IDENTIFIER = com.richardstelling.VersionKit;
				SKIP_INSTALL = YES;
				SWIFT_VERSION = 3.0;
			};
			name = Debug;
		};
		2ADD21F61C56642E00252DB5 /* Release */ = {
			isa = XCBuildConfiguration;
			buildSettings = {
				"CODE_SIGN_IDENTITY[sdk=iphoneos*]" = "";
				DEFINES_MODULE = YES;
				DYLIB_COMPATIBILITY_VERSION = 1;
				DYLIB_CURRENT_VERSION = 1;
				DYLIB_INSTALL_NAME_BASE = "@rpath";
				INFOPLIST_FILE = "VersionKit/Info-iOS.plist";
				INSTALL_PATH = "$(LOCAL_LIBRARY_DIR)/Frameworks";
				IPHONEOS_DEPLOYMENT_TARGET = 9.0;
				LD_RUNPATH_SEARCH_PATHS = "$(inherited) @executable_path/Frameworks @loader_path/Frameworks";
				PRODUCT_BUNDLE_IDENTIFIER = com.richardstelling.VersionKit;
				SKIP_INSTALL = YES;
				SWIFT_VERSION = 3.0;
			};
			name = Release;
		};
		2ADD21F81C56642E00252DB5 /* Debug */ = {
			isa = XCBuildConfiguration;
			buildSettings = {
				INFOPLIST_FILE = VersionKitTests/Info.plist;
				LD_RUNPATH_SEARCH_PATHS = "$(inherited) @executable_path/Frameworks @loader_path/Frameworks";
				PRODUCT_BUNDLE_IDENTIFIER = com.richardstelling.VersionKitTests;
				PRODUCT_NAME = "$(TARGET_NAME)";
				SWIFT_VERSION = 3.0;
			};
			name = Debug;
		};
		2ADD21F91C56642E00252DB5 /* Release */ = {
			isa = XCBuildConfiguration;
			buildSettings = {
				INFOPLIST_FILE = VersionKitTests/Info.plist;
				LD_RUNPATH_SEARCH_PATHS = "$(inherited) @executable_path/Frameworks @loader_path/Frameworks";
				PRODUCT_BUNDLE_IDENTIFIER = com.richardstelling.VersionKitTests;
				PRODUCT_NAME = "$(TARGET_NAME)";
				SWIFT_VERSION = 3.0;
			};
			name = Release;
		};
/* End XCBuildConfiguration section */

/* Begin XCConfigurationList section */
		2AB7AD041D53721A00A5F64A /* Build configuration list for PBXNativeTarget "VersionKit macOS" */ = {
			isa = XCConfigurationList;
			buildConfigurations = (
				2AB7AD051D53721A00A5F64A /* Debug */,
				2AB7AD061D53721A00A5F64A /* Release */,
			);
			defaultConfigurationIsVisible = 0;
			defaultConfigurationName = Release;
		};
		2ADD21751C565C7500252DB5 /* Build configuration list for PBXProject "VersionKit" */ = {
			isa = XCConfigurationList;
			buildConfigurations = (
				2ADD218D1C565C7500252DB5 /* Debug */,
				2ADD218E1C565C7500252DB5 /* Release */,
			);
			defaultConfigurationIsVisible = 0;
			defaultConfigurationName = Release;
		};
		2ADD21F41C56642E00252DB5 /* Build configuration list for PBXNativeTarget "VersionKit iOS" */ = {
			isa = XCConfigurationList;
			buildConfigurations = (
				2ADD21F51C56642E00252DB5 /* Debug */,
				2ADD21F61C56642E00252DB5 /* Release */,
			);
			defaultConfigurationIsVisible = 0;
			defaultConfigurationName = Release;
		};
		2ADD21F71C56642E00252DB5 /* Build configuration list for PBXNativeTarget "VersionKitTests" */ = {
			isa = XCConfigurationList;
			buildConfigurations = (
				2ADD21F81C56642E00252DB5 /* Debug */,
				2ADD21F91C56642E00252DB5 /* Release */,
			);
			defaultConfigurationIsVisible = 0;
			defaultConfigurationName = Release;
		};
/* End XCConfigurationList section */
	};
	rootObject = 2ADD21721C565C7500252DB5 /* Project object */;
}
